PODS:
  - Flutter (1.0.0)
  - flutter_lottie (0.0.1):
    - Flutter
    - lottie-ios
  - lottie-ios (2.5.0)

DEPENDENCIES:
  - Flutter (from `.symlinks/flutter/ios`)
  - flutter_lottie (from `.symlinks/plugins/flutter_lottie/ios`)

SPEC REPOS:
  trunk:
    - lottie-ios

EXTERNAL SOURCES:
  Flutter:
    :path: ".symlinks/flutter/ios"
  flutter_lottie:
    :path: ".symlinks/plugins/flutter_lottie/ios"

SPEC CHECKSUMS:
  Flutter: 0e3d915762c693b495b44d77113d4970485de6ec
  flutter_lottie: c1fd7e92e771209f8b623119646c15201c5e8c87
  lottie-ios: d699fdee68d7b63e721d949388b015fef1aaa4ac

PODFILE CHECKSUM: ebd43b443038e611b86ede96e613bd6033c49497

COCOAPODS: 1.8.4
